// !$*UTF8*$!
{
	archiveVersion = 1;
	classes = {
	};
	objectVersion = 55;
	objects = {

/* Begin PBXBuildFile section */
		2EBAC20927EBB20700076492 /* groupView.swift in Sources */ = {isa = PBXBuildFile; fileRef = 2EBAC20827EBB20700076492 /* groupView.swift */; };
		3AE6CA6B3D3162796857D462 /* Pods_eatmate.framework in Frameworks */ = {isa = PBXBuildFile; fileRef = 71489CFD9AE882EC0D356621 /* Pods_eatmate.framework */; };
		472920AD27E3B37900C62E86 /* CreateView.swift in Sources */ = {isa = PBXBuildFile; fileRef = 472920AC27E3B37900C62E86 /* CreateView.swift */; };
		472920AF27E3B39D00C62E86 /* ChatView.swift in Sources */ = {isa = PBXBuildFile; fileRef = 472920AE27E3B39D00C62E86 /* ChatView.swift */; };
		472920B127E3B3AF00C62E86 /* NotificationView.swift in Sources */ = {isa = PBXBuildFile; fileRef = 472920B027E3B3AF00C62E86 /* NotificationView.swift */; };
		4774197727E3896700EF44C1 /* GoogleService-Info.plist in Resources */ = {isa = PBXBuildFile; fileRef = 4774197627E3896700EF44C1 /* GoogleService-Info.plist */; };
		4774197927E38A0100EF44C1 /* Podfile in Resources */ = {isa = PBXBuildFile; fileRef = 4774197827E38A0100EF44C1 /* Podfile */; };
		47E0DE6C27D8A176004352EC /* eatmateApp.swift in Sources */ = {isa = PBXBuildFile; fileRef = 47E0DE6B27D8A176004352EC /* eatmateApp.swift */; };
		47E0DE6E27D8A176004352EC /* ContentView.swift in Sources */ = {isa = PBXBuildFile; fileRef = 47E0DE6D27D8A176004352EC /* ContentView.swift */; };
		47E0DE7027D8A178004352EC /* Assets.xcassets in Resources */ = {isa = PBXBuildFile; fileRef = 47E0DE6F27D8A178004352EC /* Assets.xcassets */; };
		47E0DE7327D8A178004352EC /* Preview Assets.xcassets in Resources */ = {isa = PBXBuildFile; fileRef = 47E0DE7227D8A178004352EC /* Preview Assets.xcassets */; };
		47E0DE7B27D8A6D2004352EC /* HomeView.swift in Sources */ = {isa = PBXBuildFile; fileRef = 47E0DE7A27D8A6D2004352EC /* HomeView.swift */; };
		47F3FD3D27E46FF3005DC7C2 /* LoginView.swift in Sources */ = {isa = PBXBuildFile; fileRef = 47F3FD3C27E46FF3005DC7C2 /* LoginView.swift */; };
		47F3FD4227E4F072005DC7C2 /* TabViewModule.swift in Sources */ = {isa = PBXBuildFile; fileRef = 47F3FD4127E4F072005DC7C2 /* TabViewModule.swift */; };
		47F3FD4427E4FA19005DC7C2 /* FullScreenView.swift in Sources */ = {isa = PBXBuildFile; fileRef = 47F3FD4327E4FA19005DC7C2 /* FullScreenView.swift */; };
		47F3FD4B27E51829005DC7C2 /* Nunito-Light.ttf in Resources */ = {isa = PBXBuildFile; fileRef = 47F3FD4927E51829005DC7C2 /* Nunito-Light.ttf */; };
		47F3FD4C27E51829005DC7C2 /* Nunito-Bold.ttf in Resources */ = {isa = PBXBuildFile; fileRef = 47F3FD4A27E51829005DC7C2 /* Nunito-Bold.ttf */; };
		47F3FD4F27E51876005DC7C2 /* Kanit-Bold.ttf in Resources */ = {isa = PBXBuildFile; fileRef = 47F3FD4D27E51876005DC7C2 /* Kanit-Bold.ttf */; };
		47F3FD5027E51876005DC7C2 /* Kanit-Regular.ttf in Resources */ = {isa = PBXBuildFile; fileRef = 47F3FD4E27E51876005DC7C2 /* Kanit-Regular.ttf */; };
		47F3FD5327E518C0005DC7C2 /* Fonts.swift in Sources */ = {isa = PBXBuildFile; fileRef = 47F3FD5227E518C0005DC7C2 /* Fonts.swift */; };
		47F3FD5827E52436005DC7C2 /* TextFieldStyle.swift in Sources */ = {isa = PBXBuildFile; fileRef = 47F3FD5727E52436005DC7C2 /* TextFieldStyle.swift */; };
		47F3FD5A27E529CE005DC7C2 /* CategoriesModule.swift in Sources */ = {isa = PBXBuildFile; fileRef = 47F3FD5927E529CE005DC7C2 /* CategoriesModule.swift */; };
		47F3FD5C27E52EF0005DC7C2 /* GroupDisplayModule.swift in Sources */ = {isa = PBXBuildFile; fileRef = 47F3FD5B27E52EF0005DC7C2 /* GroupDisplayModule.swift */; };
		47F3FD5E27E53296005DC7C2 /* RoundedCorner.swift in Sources */ = {isa = PBXBuildFile; fileRef = 47F3FD5D27E53296005DC7C2 /* RoundedCorner.swift */; };
		47F3FD6227E54C01005DC7C2 /* Nunito-ExtraBold.ttf in Resources */ = {isa = PBXBuildFile; fileRef = 47F3FD6127E54C01005DC7C2 /* Nunito-ExtraBold.ttf */; };
		47F3FD6527E550EF005DC7C2 /* Nunito-Regular.ttf in Resources */ = {isa = PBXBuildFile; fileRef = 47F3FD6427E550E8005DC7C2 /* Nunito-Regular.ttf */; };
		47F3FD6627E550EF005DC7C2 /* Nunito-SemiBold.ttf in Resources */ = {isa = PBXBuildFile; fileRef = 47F3FD6327E550E8005DC7C2 /* Nunito-SemiBold.ttf */; };
		47F3FD6827E55613005DC7C2 /* LabelledDivider.swift in Sources */ = {isa = PBXBuildFile; fileRef = 47F3FD6727E55613005DC7C2 /* LabelledDivider.swift */; };
		47F3FD6B27E55B25005DC7C2 /* RegisterView.swift in Sources */ = {isa = PBXBuildFile; fileRef = 47F3FD6A27E55B25005DC7C2 /* RegisterView.swift */; };
		47F3FD6D27E55B5C005DC7C2 /* RegisterConfirmView.swift in Sources */ = {isa = PBXBuildFile; fileRef = 47F3FD6C27E55B5C005DC7C2 /* RegisterConfirmView.swift */; };
		47F3FD6F27E55B75005DC7C2 /* RegisterPasswordSettingsView.swift in Sources */ = {isa = PBXBuildFile; fileRef = 47F3FD6E27E55B75005DC7C2 /* RegisterPasswordSettingsView.swift */; };
		47F3FD7127E65F51005DC7C2 /* AuthManager.swift in Sources */ = {isa = PBXBuildFile; fileRef = 47F3FD7027E65F51005DC7C2 /* AuthManager.swift */; };
		47F3FD7427E664AD005DC7C2 /* PasscodeField.swift in Sources */ = {isa = PBXBuildFile; fileRef = 47F3FD7327E664AD005DC7C2 /* PasscodeField.swift */; };
		47F3FD7627E6679D005DC7C2 /* StringProtocol.swift in Sources */ = {isa = PBXBuildFile; fileRef = 47F3FD7527E6679D005DC7C2 /* StringProtocol.swift */; };
		47F3FD7827E66D20005DC7C2 /* TextLimiter.swift in Sources */ = {isa = PBXBuildFile; fileRef = 47F3FD7727E66D20005DC7C2 /* TextLimiter.swift */; };
		47F3FD7A27E674F9005DC7C2 /* LaunchScreen.storyboard in Resources */ = {isa = PBXBuildFile; fileRef = 47F3FD7927E674F9005DC7C2 /* LaunchScreen.storyboard */; };
		47F3FD7E27E68241005DC7C2 /* AnyTransition.swift in Sources */ = {isa = PBXBuildFile; fileRef = 47F3FD7D27E68241005DC7C2 /* AnyTransition.swift */; };
/* End PBXBuildFile section */

/* Begin PBXFileReference section */
		2EBAC20827EBB20700076492 /* groupView.swift */ = {isa = PBXFileReference; lastKnownFileType = sourcecode.swift; path = groupView.swift; sourceTree = "<group>"; };
		2ED10E80AADFB3C84FA1DD66 /* Pods-eatmate.release.xcconfig */ = {isa = PBXFileReference; includeInIndex = 1; lastKnownFileType = text.xcconfig; name = "Pods-eatmate.release.xcconfig"; path = "Target Support Files/Pods-eatmate/Pods-eatmate.release.xcconfig"; sourceTree = "<group>"; };
		472920AC27E3B37900C62E86 /* CreateView.swift */ = {isa = PBXFileReference; lastKnownFileType = sourcecode.swift; path = CreateView.swift; sourceTree = "<group>"; };
		472920AE27E3B39D00C62E86 /* ChatView.swift */ = {isa = PBXFileReference; lastKnownFileType = sourcecode.swift; path = ChatView.swift; sourceTree = "<group>"; };
		472920B027E3B3AF00C62E86 /* NotificationView.swift */ = {isa = PBXFileReference; lastKnownFileType = sourcecode.swift; path = NotificationView.swift; sourceTree = "<group>"; };
		4774197627E3896700EF44C1 /* GoogleService-Info.plist */ = {isa = PBXFileReference; fileEncoding = 4; lastKnownFileType = text.plist.xml; path = "GoogleService-Info.plist"; sourceTree = "<group>"; };
		4774197827E38A0100EF44C1 /* Podfile */ = {isa = PBXFileReference; fileEncoding = 4; lastKnownFileType = text; path = Podfile; sourceTree = "<group>"; xcLanguageSpecificationIdentifier = xcode.lang.ruby; };
		47E0DE6827D8A176004352EC /* eatmate.app */ = {isa = PBXFileReference; explicitFileType = wrapper.application; includeInIndex = 0; path = eatmate.app; sourceTree = BUILT_PRODUCTS_DIR; };
		47E0DE6B27D8A176004352EC /* eatmateApp.swift */ = {isa = PBXFileReference; lastKnownFileType = sourcecode.swift; path = eatmateApp.swift; sourceTree = "<group>"; };
		47E0DE6D27D8A176004352EC /* ContentView.swift */ = {isa = PBXFileReference; lastKnownFileType = sourcecode.swift; path = ContentView.swift; sourceTree = "<group>"; };
		47E0DE6F27D8A178004352EC /* Assets.xcassets */ = {isa = PBXFileReference; lastKnownFileType = folder.assetcatalog; path = Assets.xcassets; sourceTree = "<group>"; };
		47E0DE7227D8A178004352EC /* Preview Assets.xcassets */ = {isa = PBXFileReference; lastKnownFileType = folder.assetcatalog; path = "Preview Assets.xcassets"; sourceTree = "<group>"; };
		47E0DE7A27D8A6D2004352EC /* HomeView.swift */ = {isa = PBXFileReference; lastKnownFileType = sourcecode.swift; path = HomeView.swift; sourceTree = "<group>"; };
		47F3FD3C27E46FF3005DC7C2 /* LoginView.swift */ = {isa = PBXFileReference; lastKnownFileType = sourcecode.swift; path = LoginView.swift; sourceTree = "<group>"; };
		47F3FD4127E4F072005DC7C2 /* TabViewModule.swift */ = {isa = PBXFileReference; lastKnownFileType = sourcecode.swift; path = TabViewModule.swift; sourceTree = "<group>"; };
		47F3FD4327E4FA19005DC7C2 /* FullScreenView.swift */ = {isa = PBXFileReference; lastKnownFileType = sourcecode.swift; path = FullScreenView.swift; sourceTree = "<group>"; };
		47F3FD4927E51829005DC7C2 /* Nunito-Light.ttf */ = {isa = PBXFileReference; lastKnownFileType = file; path = "Nunito-Light.ttf"; sourceTree = "<group>"; };
		47F3FD4A27E51829005DC7C2 /* Nunito-Bold.ttf */ = {isa = PBXFileReference; lastKnownFileType = file; path = "Nunito-Bold.ttf"; sourceTree = "<group>"; };
		47F3FD4D27E51876005DC7C2 /* Kanit-Bold.ttf */ = {isa = PBXFileReference; lastKnownFileType = file; path = "Kanit-Bold.ttf"; sourceTree = "<group>"; };
		47F3FD4E27E51876005DC7C2 /* Kanit-Regular.ttf */ = {isa = PBXFileReference; lastKnownFileType = file; path = "Kanit-Regular.ttf"; sourceTree = "<group>"; };
		47F3FD5227E518C0005DC7C2 /* Fonts.swift */ = {isa = PBXFileReference; lastKnownFileType = sourcecode.swift; path = Fonts.swift; sourceTree = "<group>"; };
		47F3FD5427E51E5E005DC7C2 /* Info.plist */ = {isa = PBXFileReference; lastKnownFileType = text.plist; path = Info.plist; sourceTree = "<group>"; };
		47F3FD5727E52436005DC7C2 /* TextFieldStyle.swift */ = {isa = PBXFileReference; lastKnownFileType = sourcecode.swift; path = TextFieldStyle.swift; sourceTree = "<group>"; };
		47F3FD5927E529CE005DC7C2 /* CategoriesModule.swift */ = {isa = PBXFileReference; lastKnownFileType = sourcecode.swift; path = CategoriesModule.swift; sourceTree = "<group>"; };
		47F3FD5B27E52EF0005DC7C2 /* GroupDisplayModule.swift */ = {isa = PBXFileReference; lastKnownFileType = sourcecode.swift; path = GroupDisplayModule.swift; sourceTree = "<group>"; };
		47F3FD5D27E53296005DC7C2 /* RoundedCorner.swift */ = {isa = PBXFileReference; lastKnownFileType = sourcecode.swift; path = RoundedCorner.swift; sourceTree = "<group>"; };
		47F3FD6127E54C01005DC7C2 /* Nunito-ExtraBold.ttf */ = {isa = PBXFileReference; lastKnownFileType = file; path = "Nunito-ExtraBold.ttf"; sourceTree = "<group>"; };
		47F3FD6327E550E8005DC7C2 /* Nunito-SemiBold.ttf */ = {isa = PBXFileReference; lastKnownFileType = file; path = "Nunito-SemiBold.ttf"; sourceTree = "<group>"; };
		47F3FD6427E550E8005DC7C2 /* Nunito-Regular.ttf */ = {isa = PBXFileReference; lastKnownFileType = file; path = "Nunito-Regular.ttf"; sourceTree = "<group>"; };
		47F3FD6727E55613005DC7C2 /* LabelledDivider.swift */ = {isa = PBXFileReference; lastKnownFileType = sourcecode.swift; path = LabelledDivider.swift; sourceTree = "<group>"; };
		47F3FD6A27E55B25005DC7C2 /* RegisterView.swift */ = {isa = PBXFileReference; lastKnownFileType = sourcecode.swift; path = RegisterView.swift; sourceTree = "<group>"; };
		47F3FD6C27E55B5C005DC7C2 /* RegisterConfirmView.swift */ = {isa = PBXFileReference; lastKnownFileType = sourcecode.swift; path = RegisterConfirmView.swift; sourceTree = "<group>"; };
		47F3FD6E27E55B75005DC7C2 /* RegisterPasswordSettingsView.swift */ = {isa = PBXFileReference; lastKnownFileType = sourcecode.swift; path = RegisterPasswordSettingsView.swift; sourceTree = "<group>"; };
		47F3FD7027E65F51005DC7C2 /* AuthManager.swift */ = {isa = PBXFileReference; lastKnownFileType = sourcecode.swift; path = AuthManager.swift; sourceTree = "<group>"; };
		47F3FD7327E664AD005DC7C2 /* PasscodeField.swift */ = {isa = PBXFileReference; lastKnownFileType = sourcecode.swift; path = PasscodeField.swift; sourceTree = "<group>"; };
		47F3FD7527E6679D005DC7C2 /* StringProtocol.swift */ = {isa = PBXFileReference; lastKnownFileType = sourcecode.swift; path = StringProtocol.swift; sourceTree = "<group>"; };
		47F3FD7727E66D20005DC7C2 /* TextLimiter.swift */ = {isa = PBXFileReference; lastKnownFileType = sourcecode.swift; path = TextLimiter.swift; sourceTree = "<group>"; };
		47F3FD7927E674F9005DC7C2 /* LaunchScreen.storyboard */ = {isa = PBXFileReference; lastKnownFileType = file.storyboard; path = LaunchScreen.storyboard; sourceTree = "<group>"; };
		47F3FD7D27E68241005DC7C2 /* AnyTransition.swift */ = {isa = PBXFileReference; lastKnownFileType = sourcecode.swift; path = AnyTransition.swift; sourceTree = "<group>"; };
		47F3FD7F27E68A5D005DC7C2 /* eatmate.entitlements */ = {isa = PBXFileReference; lastKnownFileType = text.plist.entitlements; path = eatmate.entitlements; sourceTree = "<group>"; };
		71489CFD9AE882EC0D356621 /* Pods_eatmate.framework */ = {isa = PBXFileReference; explicitFileType = wrapper.framework; includeInIndex = 0; path = Pods_eatmate.framework; sourceTree = BUILT_PRODUCTS_DIR; };
		97A5247DC2F37DA84CCEEF83 /* Pods-eatmate.debug.xcconfig */ = {isa = PBXFileReference; includeInIndex = 1; lastKnownFileType = text.xcconfig; name = "Pods-eatmate.debug.xcconfig"; path = "Target Support Files/Pods-eatmate/Pods-eatmate.debug.xcconfig"; sourceTree = "<group>"; };
/* End PBXFileReference section */

/* Begin PBXFrameworksBuildPhase section */
		47E0DE6527D8A176004352EC /* Frameworks */ = {
			isa = PBXFrameworksBuildPhase;
			buildActionMask = 2147483647;
			files = (
				3AE6CA6B3D3162796857D462 /* Pods_eatmate.framework in Frameworks */,
			);
			runOnlyForDeploymentPostprocessing = 0;
		};
/* End PBXFrameworksBuildPhase section */

/* Begin PBXGroup section */
		47E0DE5F27D8A176004352EC = {
			isa = PBXGroup;
			children = (
				47E0DE6A27D8A176004352EC /* eatmate */,
				4774197827E38A0100EF44C1 /* Podfile */,
				47E0DE6927D8A176004352EC /* Products */,
				AC57D528BC5F8998B6DD138B /* Pods */,
				E803F5FE8779AEBE2C95A4A9 /* Frameworks */,
			);
			sourceTree = "<group>";
		};
		47E0DE6927D8A176004352EC /* Products */ = {
			isa = PBXGroup;
			children = (
				47E0DE6827D8A176004352EC /* eatmate.app */,
			);
			name = Products;
			sourceTree = "<group>";
		};
		47E0DE6A27D8A176004352EC /* eatmate */ = {
			isa = PBXGroup;
			children = (
				47F3FD7F27E68A5D005DC7C2 /* eatmate.entitlements */,
				47F3FD5427E51E5E005DC7C2 /* Info.plist */,
				4774197627E3896700EF44C1 /* GoogleService-Info.plist */,
				47E0DE6B27D8A176004352EC /* eatmateApp.swift */,
				47F3FD7927E674F9005DC7C2 /* LaunchScreen.storyboard */,
				47E0DE6D27D8A176004352EC /* ContentView.swift */,
				47F3FD3B27E46FD8005DC7C2 /* Authentication */,
				47E0DE7927D8A6B1004352EC /* MainView */,
				47E0DE6F27D8A178004352EC /* Assets.xcassets */,
				47F3FD5127E518B2005DC7C2 /* Extensions */,
				47F3FD4827E517CC005DC7C2 /* Fonts */,
				47F3FD4027E4EFDC005DC7C2 /* Components */,
				47E0DE7127D8A178004352EC /* Preview Content */,
			);
			path = eatmate;
			sourceTree = "<group>";
		};
		47E0DE7127D8A178004352EC /* Preview Content */ = {
			isa = PBXGroup;
			children = (
				47E0DE7227D8A178004352EC /* Preview Assets.xcassets */,
			);
			path = "Preview Content";
			sourceTree = "<group>";
		};
		47E0DE7927D8A6B1004352EC /* MainView */ = {
			isa = PBXGroup;
			children = (
				47E0DE7A27D8A6D2004352EC /* HomeView.swift */,
				472920AC27E3B37900C62E86 /* CreateView.swift */,
				2EBAC20827EBB20700076492 /* groupView.swift */,
				472920AE27E3B39D00C62E86 /* ChatView.swift */,
				472920B027E3B3AF00C62E86 /* NotificationView.swift */,
			);
			path = MainView;
			sourceTree = "<group>";
		};
		47F3FD3B27E46FD8005DC7C2 /* Authentication */ = {
			isa = PBXGroup;
			children = (
				47F3FD3C27E46FF3005DC7C2 /* LoginView.swift */,
				47F3FD6927E55B06005DC7C2 /* SignUp */,
				47F3FD7227E65F58005DC7C2 /* AuthenticationManger */,
			);
			path = Authentication;
			sourceTree = "<group>";
		};
		47F3FD4027E4EFDC005DC7C2 /* Components */ = {
			isa = PBXGroup;
			children = (
				47F3FD6727E55613005DC7C2 /* LabelledDivider.swift */,
				47F3FD4127E4F072005DC7C2 /* TabViewModule.swift */,
				47F3FD4327E4FA19005DC7C2 /* FullScreenView.swift */,
				47F3FD5927E529CE005DC7C2 /* CategoriesModule.swift */,
				47F3FD5B27E52EF0005DC7C2 /* GroupDisplayModule.swift */,
			);
			path = Components;
			sourceTree = "<group>";
		};
		47F3FD4827E517CC005DC7C2 /* Fonts */ = {
			isa = PBXGroup;
			children = (
				47F3FD6427E550E8005DC7C2 /* Nunito-Regular.ttf */,
				47F3FD6327E550E8005DC7C2 /* Nunito-SemiBold.ttf */,
				47F3FD6127E54C01005DC7C2 /* Nunito-ExtraBold.ttf */,
				47F3FD4A27E51829005DC7C2 /* Nunito-Bold.ttf */,
				47F3FD4927E51829005DC7C2 /* Nunito-Light.ttf */,
				47F3FD4D27E51876005DC7C2 /* Kanit-Bold.ttf */,
				47F3FD4E27E51876005DC7C2 /* Kanit-Regular.ttf */,
			);
			path = Fonts;
			sourceTree = "<group>";
		};
		47F3FD5127E518B2005DC7C2 /* Extensions */ = {
			isa = PBXGroup;
			children = (
				47F3FD5227E518C0005DC7C2 /* Fonts.swift */,
				47F3FD7D27E68241005DC7C2 /* AnyTransition.swift */,
				47F3FD7527E6679D005DC7C2 /* StringProtocol.swift */,
				47F3FD7727E66D20005DC7C2 /* TextLimiter.swift */,
				47F3FD5727E52436005DC7C2 /* TextFieldStyle.swift */,
				47F3FD5D27E53296005DC7C2 /* RoundedCorner.swift */,
			);
			path = Extensions;
			sourceTree = "<group>";
		};
		47F3FD6927E55B06005DC7C2 /* SignUp */ = {
			isa = PBXGroup;
			children = (
				47F3FD6A27E55B25005DC7C2 /* RegisterView.swift */,
				47F3FD6C27E55B5C005DC7C2 /* RegisterConfirmView.swift */,
				47F3FD6E27E55B75005DC7C2 /* RegisterPasswordSettingsView.swift */,
				47F3FD7327E664AD005DC7C2 /* PasscodeField.swift */,
			);
			path = SignUp;
			sourceTree = "<group>";
		};
		47F3FD7227E65F58005DC7C2 /* AuthenticationManger */ = {
			isa = PBXGroup;
			children = (
				47F3FD7027E65F51005DC7C2 /* AuthManager.swift */,
			);
			path = AuthenticationManger;
			sourceTree = "<group>";
		};
		AC57D528BC5F8998B6DD138B /* Pods */ = {
			isa = PBXGroup;
			children = (
				97A5247DC2F37DA84CCEEF83 /* Pods-eatmate.debug.xcconfig */,
				2ED10E80AADFB3C84FA1DD66 /* Pods-eatmate.release.xcconfig */,
			);
			path = Pods;
			sourceTree = "<group>";
		};
		E803F5FE8779AEBE2C95A4A9 /* Frameworks */ = {
			isa = PBXGroup;
			children = (
				71489CFD9AE882EC0D356621 /* Pods_eatmate.framework */,
			);
			name = Frameworks;
			sourceTree = "<group>";
		};
/* End PBXGroup section */

/* Begin PBXNativeTarget section */
		47E0DE6727D8A176004352EC /* eatmate */ = {
			isa = PBXNativeTarget;
			buildConfigurationList = 47E0DE7627D8A178004352EC /* Build configuration list for PBXNativeTarget "eatmate" */;
			buildPhases = (
				1DB185AFBBA22A461FCCB4F6 /* [CP] Check Pods Manifest.lock */,
				47E0DE6427D8A176004352EC /* Sources */,
				47E0DE6527D8A176004352EC /* Frameworks */,
				47E0DE6627D8A176004352EC /* Resources */,
				370CBC50B993EB5B88590C9D /* [CP] Embed Pods Frameworks */,
			);
			buildRules = (
			);
			dependencies = (
			);
			name = eatmate;
			productName = eatmate;
			productReference = 47E0DE6827D8A176004352EC /* eatmate.app */;
			productType = "com.apple.product-type.application";
		};
/* End PBXNativeTarget section */

/* Begin PBXProject section */
		47E0DE6027D8A176004352EC /* Project object */ = {
			isa = PBXProject;
			attributes = {
				BuildIndependentTargetsInParallel = 1;
				LastSwiftUpdateCheck = 1320;
				LastUpgradeCheck = 1320;
				TargetAttributes = {
					47E0DE6727D8A176004352EC = {
						CreatedOnToolsVersion = 13.2.1;
					};
				};
			};
			buildConfigurationList = 47E0DE6327D8A176004352EC /* Build configuration list for PBXProject "eatmate" */;
			compatibilityVersion = "Xcode 13.0";
			developmentRegion = en;
			hasScannedForEncodings = 0;
			knownRegions = (
				en,
				Base,
			);
			mainGroup = 47E0DE5F27D8A176004352EC;
			productRefGroup = 47E0DE6927D8A176004352EC /* Products */;
			projectDirPath = "";
			projectRoot = "";
			targets = (
				47E0DE6727D8A176004352EC /* eatmate */,
			);
		};
/* End PBXProject section */

/* Begin PBXResourcesBuildPhase section */
		47E0DE6627D8A176004352EC /* Resources */ = {
			isa = PBXResourcesBuildPhase;
			buildActionMask = 2147483647;
			files = (
				47F3FD6527E550EF005DC7C2 /* Nunito-Regular.ttf in Resources */,
				47E0DE7327D8A178004352EC /* Preview Assets.xcassets in Resources */,
				47F3FD4F27E51876005DC7C2 /* Kanit-Bold.ttf in Resources */,
				47F3FD4B27E51829005DC7C2 /* Nunito-Light.ttf in Resources */,
				47F3FD6227E54C01005DC7C2 /* Nunito-ExtraBold.ttf in Resources */,
				47F3FD6627E550EF005DC7C2 /* Nunito-SemiBold.ttf in Resources */,
				47F3FD5027E51876005DC7C2 /* Kanit-Regular.ttf in Resources */,
				4774197727E3896700EF44C1 /* GoogleService-Info.plist in Resources */,
				4774197927E38A0100EF44C1 /* Podfile in Resources */,
				47F3FD7A27E674F9005DC7C2 /* LaunchScreen.storyboard in Resources */,
				47F3FD4C27E51829005DC7C2 /* Nunito-Bold.ttf in Resources */,
				47E0DE7027D8A178004352EC /* Assets.xcassets in Resources */,
			);
			runOnlyForDeploymentPostprocessing = 0;
		};
/* End PBXResourcesBuildPhase section */

/* Begin PBXShellScriptBuildPhase section */
		1DB185AFBBA22A461FCCB4F6 /* [CP] Check Pods Manifest.lock */ = {
			isa = PBXShellScriptBuildPhase;
			buildActionMask = 2147483647;
			files = (
			);
			inputFileListPaths = (
			);
			inputPaths = (
				"${PODS_PODFILE_DIR_PATH}/Podfile.lock",
				"${PODS_ROOT}/Manifest.lock",
			);
			name = "[CP] Check Pods Manifest.lock";
			outputFileListPaths = (
			);
			outputPaths = (
				"$(DERIVED_FILE_DIR)/Pods-eatmate-checkManifestLockResult.txt",
			);
			runOnlyForDeploymentPostprocessing = 0;
			shellPath = /bin/sh;
			shellScript = "diff \"${PODS_PODFILE_DIR_PATH}/Podfile.lock\" \"${PODS_ROOT}/Manifest.lock\" > /dev/null\nif [ $? != 0 ] ; then\n    # print error to STDERR\n    echo \"error: The sandbox is not in sync with the Podfile.lock. Run 'pod install' or update your CocoaPods installation.\" >&2\n    exit 1\nfi\n# This output is used by Xcode 'outputs' to avoid re-running this script phase.\necho \"SUCCESS\" > \"${SCRIPT_OUTPUT_FILE_0}\"\n";
			showEnvVarsInLog = 0;
		};
		370CBC50B993EB5B88590C9D /* [CP] Embed Pods Frameworks */ = {
			isa = PBXShellScriptBuildPhase;
			buildActionMask = 2147483647;
			files = (
			);
			inputFileListPaths = (
				"${PODS_ROOT}/Target Support Files/Pods-eatmate/Pods-eatmate-frameworks-${CONFIGURATION}-input-files.xcfilelist",
			);
			name = "[CP] Embed Pods Frameworks";
			outputFileListPaths = (
				"${PODS_ROOT}/Target Support Files/Pods-eatmate/Pods-eatmate-frameworks-${CONFIGURATION}-output-files.xcfilelist",
			);
			runOnlyForDeploymentPostprocessing = 0;
			shellPath = /bin/sh;
			shellScript = "\"${PODS_ROOT}/Target Support Files/Pods-eatmate/Pods-eatmate-frameworks.sh\"\n";
			showEnvVarsInLog = 0;
		};
/* End PBXShellScriptBuildPhase section */

/* Begin PBXSourcesBuildPhase section */
		47E0DE6427D8A176004352EC /* Sources */ = {
			isa = PBXSourcesBuildPhase;
			buildActionMask = 2147483647;
			files = (
				47E0DE7B27D8A6D2004352EC /* HomeView.swift in Sources */,
				47F3FD7E27E68241005DC7C2 /* AnyTransition.swift in Sources */,
				2EBAC20927EBB20700076492 /* groupView.swift in Sources */,
				47E0DE6E27D8A176004352EC /* ContentView.swift in Sources */,
				47F3FD5327E518C0005DC7C2 /* Fonts.swift in Sources */,
				472920B127E3B3AF00C62E86 /* NotificationView.swift in Sources */,
				47F3FD7827E66D20005DC7C2 /* TextLimiter.swift in Sources */,
				47F3FD7427E664AD005DC7C2 /* PasscodeField.swift in Sources */,
				47F3FD4427E4FA19005DC7C2 /* FullScreenView.swift in Sources */,
				47E0DE6C27D8A176004352EC /* eatmateApp.swift in Sources */,
				47F3FD6D27E55B5C005DC7C2 /* RegisterConfirmView.swift in Sources */,
				47F3FD4227E4F072005DC7C2 /* TabViewModule.swift in Sources */,
				472920AF27E3B39D00C62E86 /* ChatView.swift in Sources */,
				47F3FD3D27E46FF3005DC7C2 /* LoginView.swift in Sources */,
				47F3FD5827E52436005DC7C2 /* TextFieldStyle.swift in Sources */,
				47F3FD5A27E529CE005DC7C2 /* CategoriesModule.swift in Sources */,
				47F3FD6827E55613005DC7C2 /* LabelledDivider.swift in Sources */,
				47F3FD7627E6679D005DC7C2 /* StringProtocol.swift in Sources */,
				47F3FD5E27E53296005DC7C2 /* RoundedCorner.swift in Sources */,
				47F3FD7127E65F51005DC7C2 /* AuthManager.swift in Sources */,
				47F3FD6B27E55B25005DC7C2 /* RegisterView.swift in Sources */,
				47F3FD6F27E55B75005DC7C2 /* RegisterPasswordSettingsView.swift in Sources */,
				47F3FD5C27E52EF0005DC7C2 /* GroupDisplayModule.swift in Sources */,
				472920AD27E3B37900C62E86 /* CreateView.swift in Sources */,
			);
			runOnlyForDeploymentPostprocessing = 0;
		};
/* End PBXSourcesBuildPhase section */

/* Begin XCBuildConfiguration section */
		47E0DE7427D8A178004352EC /* Debug */ = {
			isa = XCBuildConfiguration;
			buildSettings = {
				ALWAYS_SEARCH_USER_PATHS = NO;
				CLANG_ANALYZER_NONNULL = YES;
				CLANG_ANALYZER_NUMBER_OBJECT_CONVERSION = YES_AGGRESSIVE;
				CLANG_CXX_LANGUAGE_STANDARD = "gnu++17";
				CLANG_CXX_LIBRARY = "libc++";
				CLANG_ENABLE_MODULES = YES;
				CLANG_ENABLE_OBJC_ARC = YES;
				CLANG_ENABLE_OBJC_WEAK = YES;
				CLANG_WARN_BLOCK_CAPTURE_AUTORELEASING = YES;
				CLANG_WARN_BOOL_CONVERSION = YES;
				CLANG_WARN_COMMA = YES;
				CLANG_WARN_CONSTANT_CONVERSION = YES;
				CLANG_WARN_DEPRECATED_OBJC_IMPLEMENTATIONS = YES;
				CLANG_WARN_DIRECT_OBJC_ISA_USAGE = YES_ERROR;
				CLANG_WARN_DOCUMENTATION_COMMENTS = YES;
				CLANG_WARN_EMPTY_BODY = YES;
				CLANG_WARN_ENUM_CONVERSION = YES;
				CLANG_WARN_INFINITE_RECURSION = YES;
				CLANG_WARN_INT_CONVERSION = YES;
				CLANG_WARN_NON_LITERAL_NULL_CONVERSION = YES;
				CLANG_WARN_OBJC_IMPLICIT_RETAIN_SELF = YES;
				CLANG_WARN_OBJC_LITERAL_CONVERSION = YES;
				CLANG_WARN_OBJC_ROOT_CLASS = YES_ERROR;
				CLANG_WARN_QUOTED_INCLUDE_IN_FRAMEWORK_HEADER = YES;
				CLANG_WARN_RANGE_LOOP_ANALYSIS = YES;
				CLANG_WARN_STRICT_PROTOTYPES = YES;
				CLANG_WARN_SUSPICIOUS_MOVE = YES;
				CLANG_WARN_UNGUARDED_AVAILABILITY = YES_AGGRESSIVE;
				CLANG_WARN_UNREACHABLE_CODE = YES;
				CLANG_WARN__DUPLICATE_METHOD_MATCH = YES;
				COPY_PHASE_STRIP = NO;
				DEBUG_INFORMATION_FORMAT = dwarf;
				ENABLE_STRICT_OBJC_MSGSEND = YES;
				ENABLE_TESTABILITY = YES;
				GCC_C_LANGUAGE_STANDARD = gnu11;
				GCC_DYNAMIC_NO_PIC = NO;
				GCC_NO_COMMON_BLOCKS = YES;
				GCC_OPTIMIZATION_LEVEL = 0;
				GCC_PREPROCESSOR_DEFINITIONS = (
					"DEBUG=1",
					"$(inherited)",
				);
				GCC_WARN_64_TO_32_BIT_CONVERSION = YES;
				GCC_WARN_ABOUT_RETURN_TYPE = YES_ERROR;
				GCC_WARN_UNDECLARED_SELECTOR = YES;
				GCC_WARN_UNINITIALIZED_AUTOS = YES_AGGRESSIVE;
				GCC_WARN_UNUSED_FUNCTION = YES;
				GCC_WARN_UNUSED_VARIABLE = YES;
				IPHONEOS_DEPLOYMENT_TARGET = 15.2;
				MTL_ENABLE_DEBUG_INFO = INCLUDE_SOURCE;
				MTL_FAST_MATH = YES;
				ONLY_ACTIVE_ARCH = YES;
				SDKROOT = iphoneos;
				SWIFT_ACTIVE_COMPILATION_CONDITIONS = DEBUG;
				SWIFT_OPTIMIZATION_LEVEL = "-Onone";
			};
			name = Debug;
		};
		47E0DE7527D8A178004352EC /* Release */ = {
			isa = XCBuildConfiguration;
			buildSettings = {
				ALWAYS_SEARCH_USER_PATHS = NO;
				CLANG_ANALYZER_NONNULL = YES;
				CLANG_ANALYZER_NUMBER_OBJECT_CONVERSION = YES_AGGRESSIVE;
				CLANG_CXX_LANGUAGE_STANDARD = "gnu++17";
				CLANG_CXX_LIBRARY = "libc++";
				CLANG_ENABLE_MODULES = YES;
				CLANG_ENABLE_OBJC_ARC = YES;
				CLANG_ENABLE_OBJC_WEAK = YES;
				CLANG_WARN_BLOCK_CAPTURE_AUTORELEASING = YES;
				CLANG_WARN_BOOL_CONVERSION = YES;
				CLANG_WARN_COMMA = YES;
				CLANG_WARN_CONSTANT_CONVERSION = YES;
				CLANG_WARN_DEPRECATED_OBJC_IMPLEMENTATIONS = YES;
				CLANG_WARN_DIRECT_OBJC_ISA_USAGE = YES_ERROR;
				CLANG_WARN_DOCUMENTATION_COMMENTS = YES;
				CLANG_WARN_EMPTY_BODY = YES;
				CLANG_WARN_ENUM_CONVERSION = YES;
				CLANG_WARN_INFINITE_RECURSION = YES;
				CLANG_WARN_INT_CONVERSION = YES;
				CLANG_WARN_NON_LITERAL_NULL_CONVERSION = YES;
				CLANG_WARN_OBJC_IMPLICIT_RETAIN_SELF = YES;
				CLANG_WARN_OBJC_LITERAL_CONVERSION = YES;
				CLANG_WARN_OBJC_ROOT_CLASS = YES_ERROR;
				CLANG_WARN_QUOTED_INCLUDE_IN_FRAMEWORK_HEADER = YES;
				CLANG_WARN_RANGE_LOOP_ANALYSIS = YES;
				CLANG_WARN_STRICT_PROTOTYPES = YES;
				CLANG_WARN_SUSPICIOUS_MOVE = YES;
				CLANG_WARN_UNGUARDED_AVAILABILITY = YES_AGGRESSIVE;
				CLANG_WARN_UNREACHABLE_CODE = YES;
				CLANG_WARN__DUPLICATE_METHOD_MATCH = YES;
				COPY_PHASE_STRIP = NO;
				DEBUG_INFORMATION_FORMAT = "dwarf-with-dsym";
				ENABLE_NS_ASSERTIONS = NO;
				ENABLE_STRICT_OBJC_MSGSEND = YES;
				GCC_C_LANGUAGE_STANDARD = gnu11;
				GCC_NO_COMMON_BLOCKS = YES;
				GCC_WARN_64_TO_32_BIT_CONVERSION = YES;
				GCC_WARN_ABOUT_RETURN_TYPE = YES_ERROR;
				GCC_WARN_UNDECLARED_SELECTOR = YES;
				GCC_WARN_UNINITIALIZED_AUTOS = YES_AGGRESSIVE;
				GCC_WARN_UNUSED_FUNCTION = YES;
				GCC_WARN_UNUSED_VARIABLE = YES;
				IPHONEOS_DEPLOYMENT_TARGET = 15.2;
				MTL_ENABLE_DEBUG_INFO = NO;
				MTL_FAST_MATH = YES;
				SDKROOT = iphoneos;
				SWIFT_COMPILATION_MODE = wholemodule;
				SWIFT_OPTIMIZATION_LEVEL = "-O";
				VALIDATE_PRODUCT = YES;
			};
			name = Release;
		};
		47E0DE7727D8A178004352EC /* Debug */ = {
			isa = XCBuildConfiguration;
			baseConfigurationReference = 97A5247DC2F37DA84CCEEF83 /* Pods-eatmate.debug.xcconfig */;
			buildSettings = {
				ASSETCATALOG_COMPILER_APPICON_NAME = AppIcon;
				ASSETCATALOG_COMPILER_GLOBAL_ACCENT_COLOR_NAME = AccentColor;
				CODE_SIGN_ENTITLEMENTS = eatmate/eatmate.entitlements;
				CODE_SIGN_STYLE = Automatic;
				CURRENT_PROJECT_VERSION = 1;
				DEVELOPMENT_ASSET_PATHS = "\"eatmate/Preview Content\"";
				DEVELOPMENT_TEAM = 8BF693N7N5;
				ENABLE_PREVIEWS = YES;
				GENERATE_INFOPLIST_FILE = YES;
				INFOPLIST_FILE = eatmate/Info.plist;
				INFOPLIST_KEY_UIApplicationSceneManifest_Generation = YES;
				INFOPLIST_KEY_UIApplicationSupportsIndirectInputEvents = YES;
				INFOPLIST_KEY_UILaunchScreen_Generation = YES;
				INFOPLIST_KEY_UILaunchStoryboardName = LaunchScreen;
				INFOPLIST_KEY_UISupportedInterfaceOrientations = UIInterfaceOrientationPortrait;
				INFOPLIST_KEY_UISupportedInterfaceOrientations_iPad = "UIInterfaceOrientationPortrait UIInterfaceOrientationPortraitUpsideDown UIInterfaceOrientationLandscapeLeft UIInterfaceOrientationLandscapeRight";
				INFOPLIST_KEY_UISupportedInterfaceOrientations_iPhone = "UIInterfaceOrientationPortrait UIInterfaceOrientationLandscapeLeft UIInterfaceOrientationLandscapeRight";
				LD_RUNPATH_SEARCH_PATHS = (
					"$(inherited)",
					"@executable_path/Frameworks",
				);
				MARKETING_VERSION = 1.0;
				PRODUCT_BUNDLE_IDENTIFIER = com.gpdev.eatmate;
				PRODUCT_NAME = "$(TARGET_NAME)";
				SWIFT_EMIT_LOC_STRINGS = YES;
				SWIFT_VERSION = 5.0;
				TARGETED_DEVICE_FAMILY = "1,2";
			};
			name = Debug;
		};
		47E0DE7827D8A178004352EC /* Release */ = {
			isa = XCBuildConfiguration;
			baseConfigurationReference = 2ED10E80AADFB3C84FA1DD66 /* Pods-eatmate.release.xcconfig */;
			buildSettings = {
				ASSETCATALOG_COMPILER_APPICON_NAME = AppIcon;
				ASSETCATALOG_COMPILER_GLOBAL_ACCENT_COLOR_NAME = AccentColor;
				CODE_SIGN_ENTITLEMENTS = eatmate/eatmate.entitlements;
				CODE_SIGN_STYLE = Automatic;
				CURRENT_PROJECT_VERSION = 1;
				DEVELOPMENT_ASSET_PATHS = "\"eatmate/Preview Content\"";
				DEVELOPMENT_TEAM = 8BF693N7N5;
				ENABLE_PREVIEWS = YES;
				GENERATE_INFOPLIST_FILE = YES;
				INFOPLIST_FILE = eatmate/Info.plist;
				INFOPLIST_KEY_UIApplicationSceneManifest_Generation = YES;
				INFOPLIST_KEY_UIApplicationSupportsIndirectInputEvents = YES;
				INFOPLIST_KEY_UILaunchScreen_Generation = YES;
				INFOPLIST_KEY_UILaunchStoryboardName = LaunchScreen;
				INFOPLIST_KEY_UISupportedInterfaceOrientations = UIInterfaceOrientationPortrait;
				INFOPLIST_KEY_UISupportedInterfaceOrientations_iPad = "UIInterfaceOrientationPortrait UIInterfaceOrientationPortraitUpsideDown UIInterfaceOrientationLandscapeLeft UIInterfaceOrientationLandscapeRight";
				INFOPLIST_KEY_UISupportedInterfaceOrientations_iPhone = "UIInterfaceOrientationPortrait UIInterfaceOrientationLandscapeLeft UIInterfaceOrientationLandscapeRight";
				LD_RUNPATH_SEARCH_PATHS = (
					"$(inherited)",
					"@executable_path/Frameworks",
				);
				MARKETING_VERSION = 1.0;
				PRODUCT_BUNDLE_IDENTIFIER = com.gpdev.eatmate;
				PRODUCT_NAME = "$(TARGET_NAME)";
				SWIFT_EMIT_LOC_STRINGS = YES;
				SWIFT_VERSION = 5.0;
				TARGETED_DEVICE_FAMILY = "1,2";
			};
			name = Release;
		};
/* End XCBuildConfiguration section */

/* Begin XCConfigurationList section */
		47E0DE6327D8A176004352EC /* Build configuration list for PBXProject "eatmate" */ = {
			isa = XCConfigurationList;
			buildConfigurations = (
				47E0DE7427D8A178004352EC /* Debug */,
				47E0DE7527D8A178004352EC /* Release */,
			);
			defaultConfigurationIsVisible = 0;
			defaultConfigurationName = Release;
		};
		47E0DE7627D8A178004352EC /* Build configuration list for PBXNativeTarget "eatmate" */ = {
			isa = XCConfigurationList;
			buildConfigurations = (
				47E0DE7727D8A178004352EC /* Debug */,
				47E0DE7827D8A178004352EC /* Release */,
			);
			defaultConfigurationIsVisible = 0;
			defaultConfigurationName = Release;
		};
/* End XCConfigurationList section */
	};
	rootObject = 47E0DE6027D8A176004352EC /* Project object */;
}
