// !$*UTF8*$!
{
	archiveVersion = 1;
	classes = {
	};
	objectVersion = 55;
	objects = {

/* Begin PBXBuildFile section */
		3AE6CA6B3D3162796857D462 /* Pods_eatmate.framework in Frameworks */ = {isa = PBXBuildFile; fileRef = 71489CFD9AE882EC0D356621 /* Pods_eatmate.framework */; };
		4774197727E3896700EF44C1 /* GoogleService-Info.plist in Resources */ = {isa = PBXBuildFile; fileRef = 4774197627E3896700EF44C1 /* GoogleService-Info.plist */; };
		4774197927E38A0100EF44C1 /* Podfile in Resources */ = {isa = PBXBuildFile; fileRef = 4774197827E38A0100EF44C1 /* Podfile */; };
		47E0DE6C27D8A176004352EC /* eatmateApp.swift in Sources */ = {isa = PBXBuildFile; fileRef = 47E0DE6B27D8A176004352EC /* eatmateApp.swift */; };
		47E0DE6E27D8A176004352EC /* AppView.swift in Sources */ = {isa = PBXBuildFile; fileRef = 47E0DE6D27D8A176004352EC /* AppView.swift */; };
		47E0DE7027D8A178004352EC /* Assets.xcassets in Resources */ = {isa = PBXBuildFile; fileRef = 47E0DE6F27D8A178004352EC /* Assets.xcassets */; };
		47E0DE7327D8A178004352EC /* Preview Assets.xcassets in Resources */ = {isa = PBXBuildFile; fileRef = 47E0DE7227D8A178004352EC /* Preview Assets.xcassets */; };
		47E0DE7B27D8A6D2004352EC /* HomeView.swift in Sources */ = {isa = PBXBuildFile; fileRef = 47E0DE7A27D8A6D2004352EC /* HomeView.swift */; };
		47E0DE7E27D8A72A004352EC /* TabItem.swift in Sources */ = {isa = PBXBuildFile; fileRef = 47E0DE7D27D8A72A004352EC /* TabItem.swift */; };
/* End PBXBuildFile section */

/* Begin PBXFileReference section */
		2ED10E80AADFB3C84FA1DD66 /* Pods-eatmate.release.xcconfig */ = {isa = PBXFileReference; includeInIndex = 1; lastKnownFileType = text.xcconfig; name = "Pods-eatmate.release.xcconfig"; path = "Target Support Files/Pods-eatmate/Pods-eatmate.release.xcconfig"; sourceTree = "<group>"; };
		4774197627E3896700EF44C1 /* GoogleService-Info.plist */ = {isa = PBXFileReference; fileEncoding = 4; lastKnownFileType = text.plist.xml; path = "GoogleService-Info.plist"; sourceTree = "<group>"; };
		4774197827E38A0100EF44C1 /* Podfile */ = {isa = PBXFileReference; fileEncoding = 4; lastKnownFileType = text; path = Podfile; sourceTree = "<group>"; };
		47E0DE6827D8A176004352EC /* eatmate.app */ = {isa = PBXFileReference; explicitFileType = wrapper.application; includeInIndex = 0; path = eatmate.app; sourceTree = BUILT_PRODUCTS_DIR; };
		47E0DE6B27D8A176004352EC /* eatmateApp.swift */ = {isa = PBXFileReference; lastKnownFileType = sourcecode.swift; path = eatmateApp.swift; sourceTree = "<group>"; };
		47E0DE6D27D8A176004352EC /* AppView.swift */ = {isa = PBXFileReference; lastKnownFileType = sourcecode.swift; path = AppView.swift; sourceTree = "<group>"; };
		47E0DE6F27D8A178004352EC /* Assets.xcassets */ = {isa = PBXFileReference; lastKnownFileType = folder.assetcatalog; path = Assets.xcassets; sourceTree = "<group>"; };
		47E0DE7227D8A178004352EC /* Preview Assets.xcassets */ = {isa = PBXFileReference; lastKnownFileType = folder.assetcatalog; path = "Preview Assets.xcassets"; sourceTree = "<group>"; };
		47E0DE7A27D8A6D2004352EC /* HomeView.swift */ = {isa = PBXFileReference; lastKnownFileType = sourcecode.swift; path = HomeView.swift; sourceTree = "<group>"; };
		47E0DE7D27D8A72A004352EC /* TabItem.swift */ = {isa = PBXFileReference; lastKnownFileType = sourcecode.swift; path = TabItem.swift; sourceTree = "<group>"; };
		71489CFD9AE882EC0D356621 /* Pods_eatmate.framework */ = {isa = PBXFileReference; explicitFileType = wrapper.framework; includeInIndex = 0; path = Pods_eatmate.framework; sourceTree = BUILT_PRODUCTS_DIR; };
		97A5247DC2F37DA84CCEEF83 /* Pods-eatmate.debug.xcconfig */ = {isa = PBXFileReference; includeInIndex = 1; lastKnownFileType = text.xcconfig; name = "Pods-eatmate.debug.xcconfig"; path = "Target Support Files/Pods-eatmate/Pods-eatmate.debug.xcconfig"; sourceTree = "<group>"; };
/* End PBXFileReference section */

/* Begin PBXFrameworksBuildPhase section */
		47E0DE6527D8A176004352EC /* Frameworks */ = {
			isa = PBXFrameworksBuildPhase;
			buildActionMask = 2147483647;
			files = (
				3AE6CA6B3D3162796857D462 /* Pods_eatmate.framework in Frameworks */,
			);
			runOnlyForDeploymentPostprocessing = 0;
		};
/* End PBXFrameworksBuildPhase section */

/* Begin PBXGroup section */
		47E0DE5F27D8A176004352EC = {
			isa = PBXGroup;
			children = (
				47E0DE6A27D8A176004352EC /* eatmate */,
				4774197827E38A0100EF44C1 /* Podfile */,
				47E0DE6927D8A176004352EC /* Products */,
				AC57D528BC5F8998B6DD138B /* Pods */,
				E803F5FE8779AEBE2C95A4A9 /* Frameworks */,
			);
			sourceTree = "<group>";
		};
		47E0DE6927D8A176004352EC /* Products */ = {
			isa = PBXGroup;
			children = (
				47E0DE6827D8A176004352EC /* eatmate.app */,
			);
			name = Products;
			sourceTree = "<group>";
		};
		47E0DE6A27D8A176004352EC /* eatmate */ = {
			isa = PBXGroup;
			children = (
				4774197627E3896700EF44C1 /* GoogleService-Info.plist */,
				47E0DE6B27D8A176004352EC /* eatmateApp.swift */,
				47E0DE6D27D8A176004352EC /* AppView.swift */,
				47E0DE7927D8A6B1004352EC /* MainView */,
				47E0DE7C27D8A6FE004352EC /* Components */,
				47E0DE6F27D8A178004352EC /* Assets.xcassets */,
				47E0DE7127D8A178004352EC /* Preview Content */,
			);
			path = eatmate;
			sourceTree = "<group>";
		};
		47E0DE7127D8A178004352EC /* Preview Content */ = {
			isa = PBXGroup;
			children = (
				47E0DE7227D8A178004352EC /* Preview Assets.xcassets */,
			);
			path = "Preview Content";
			sourceTree = "<group>";
		};
		47E0DE7927D8A6B1004352EC /* MainView */ = {
			isa = PBXGroup;
			children = (
				47E0DE7A27D8A6D2004352EC /* HomeView.swift */,
			);
			path = MainView;
			sourceTree = "<group>";
		};
		47E0DE7C27D8A6FE004352EC /* Components */ = {
			isa = PBXGroup;
			children = (
				47E0DE7D27D8A72A004352EC /* TabItem.swift */,
			);
			path = Components;
			sourceTree = "<group>";
		};
		AC57D528BC5F8998B6DD138B /* Pods */ = {
			isa = PBXGroup;
			children = (
				97A5247DC2F37DA84CCEEF83 /* Pods-eatmate.debug.xcconfig */,
				2ED10E80AADFB3C84FA1DD66 /* Pods-eatmate.release.xcconfig */,
			);
			name = Pods;
			path = Pods;
			sourceTree = "<group>";
		};
		E803F5FE8779AEBE2C95A4A9 /* Frameworks */ = {
			isa = PBXGroup;
			children = (
				71489CFD9AE882EC0D356621 /* Pods_eatmate.framework */,
			);
			name = Frameworks;
			sourceTree = "<group>";
		};
/* End PBXGroup section */

/* Begin PBXNativeTarget section */
		47E0DE6727D8A176004352EC /* eatmate */ = {
			isa = PBXNativeTarget;
			buildConfigurationList = 47E0DE7627D8A178004352EC /* Build configuration list for PBXNativeTarget "eatmate" */;
			buildPhases = (
				1DB185AFBBA22A461FCCB4F6 /* [CP] Check Pods Manifest.lock */,
				47E0DE6427D8A176004352EC /* Sources */,
				47E0DE6527D8A176004352EC /* Frameworks */,
				47E0DE6627D8A176004352EC /* Resources */,
				370CBC50B993EB5B88590C9D /* [CP] Embed Pods Frameworks */,
			);
			buildRules = (
			);
			dependencies = (
			);
			name = eatmate;
			productName = eatmate;
			productReference = 47E0DE6827D8A176004352EC /* eatmate.app */;
			productType = "com.apple.product-type.application";
		};
/* End PBXNativeTarget section */

/* Begin PBXProject section */
		47E0DE6027D8A176004352EC /* Project object */ = {
			isa = PBXProject;
			attributes = {
				BuildIndependentTargetsInParallel = 1;
				LastSwiftUpdateCheck = 1320;
				LastUpgradeCheck = 1320;
				TargetAttributes = {
					47E0DE6727D8A176004352EC = {
						CreatedOnToolsVersion = 13.2.1;
					};
				};
			};
			buildConfigurationList = 47E0DE6327D8A176004352EC /* Build configuration list for PBXProject "eatmate" */;
			compatibilityVersion = "Xcode 13.0";
			developmentRegion = en;
			hasScannedForEncodings = 0;
			knownRegions = (
				en,
				Base,
			);
			mainGroup = 47E0DE5F27D8A176004352EC;
			productRefGroup = 47E0DE6927D8A176004352EC /* Products */;
			projectDirPath = "";
			projectRoot = "";
			targets = (
				47E0DE6727D8A176004352EC /* eatmate */,
			);
		};
/* End PBXProject section */

/* Begin PBXResourcesBuildPhase section */
		47E0DE6627D8A176004352EC /* Resources */ = {
			isa = PBXResourcesBuildPhase;
			buildActionMask = 2147483647;
			files = (
				47E0DE7327D8A178004352EC /* Preview Assets.xcassets in Resources */,
				4774197727E3896700EF44C1 /* GoogleService-Info.plist in Resources */,
				4774197927E38A0100EF44C1 /* Podfile in Resources */,
				47E0DE7027D8A178004352EC /* Assets.xcassets in Resources */,
			);
			runOnlyForDeploymentPostprocessing = 0;
		};
/* End PBXResourcesBuildPhase section */

/* Begin PBXShellScriptBuildPhase section */
		1DB185AFBBA22A461FCCB4F6 /* [CP] Check Pods Manifest.lock */ = {
			isa = PBXShellScriptBuildPhase;
			buildActionMask = 2147483647;
			files = (
			);
			inputFileListPaths = (
			);
			inputPaths = (
				"${PODS_PODFILE_DIR_PATH}/Podfile.lock",
				"${PODS_ROOT}/Manifest.lock",
			);
			name = "[CP] Check Pods Manifest.lock";
			outputFileListPaths = (
			);
			outputPaths = (
				"$(DERIVED_FILE_DIR)/Pods-eatmate-checkManifestLockResult.txt",
			);
			runOnlyForDeploymentPostprocessing = 0;
			shellPath = /bin/sh;
			shellScript = "diff \"${PODS_PODFILE_DIR_PATH}/Podfile.lock\" \"${PODS_ROOT}/Manifest.lock\" > /dev/null\nif [ $? != 0 ] ; then\n    # print error to STDERR\n    echo \"error: The sandbox is not in sync with the Podfile.lock. Run 'pod install' or update your CocoaPods installation.\" >&2\n    exit 1\nfi\n# This output is used by Xcode 'outputs' to avoid re-running this script phase.\necho \"SUCCESS\" > \"${SCRIPT_OUTPUT_FILE_0}\"\n";
			showEnvVarsInLog = 0;
		};
		370CBC50B993EB5B88590C9D /* [CP] Embed Pods Frameworks */ = {
			isa = PBXShellScriptBuildPhase;
			buildActionMask = 2147483647;
			files = (
			);
			inputFileListPaths = (
				"${PODS_ROOT}/Target Support Files/Pods-eatmate/Pods-eatmate-frameworks-${CONFIGURATION}-input-files.xcfilelist",
			);
			name = "[CP] Embed Pods Frameworks";
			outputFileListPaths = (
				"${PODS_ROOT}/Target Support Files/Pods-eatmate/Pods-eatmate-frameworks-${CONFIGURATION}-output-files.xcfilelist",
			);
			runOnlyForDeploymentPostprocessing = 0;
			shellPath = /bin/sh;
			shellScript = "\"${PODS_ROOT}/Target Support Files/Pods-eatmate/Pods-eatmate-frameworks.sh\"\n";
			showEnvVarsInLog = 0;
		};
/* End PBXShellScriptBuildPhase section */

/* Begin PBXSourcesBuildPhase section */
		47E0DE6427D8A176004352EC /* Sources */ = {
			isa = PBXSourcesBuildPhase;
			buildActionMask = 2147483647;
			files = (
				47E0DE7B27D8A6D2004352EC /* HomeView.swift in Sources */,
				47E0DE6E27D8A176004352EC /* AppView.swift in Sources */,
				47E0DE7E27D8A72A004352EC /* TabItem.swift in Sources */,
				47E0DE6C27D8A176004352EC /* eatmateApp.swift in Sources */,
			);
			runOnlyForDeploymentPostprocessing = 0;
		};
/* End PBXSourcesBuildPhase section */

/* Begin XCBuildConfiguration section */
		47E0DE7427D8A178004352EC /* Debug */ = {
			isa = XCBuildConfiguration;
			buildSettings = {
				ALWAYS_SEARCH_USER_PATHS = NO;
				CLANG_ANALYZER_NONNULL = YES;
				CLANG_ANALYZER_NUMBER_OBJECT_CONVERSION = YES_AGGRESSIVE;
				CLANG_CXX_LANGUAGE_STANDARD = "gnu++17";
				CLANG_CXX_LIBRARY = "libc++";
				CLANG_ENABLE_MODULES = YES;
				CLANG_ENABLE_OBJC_ARC = YES;
				CLANG_ENABLE_OBJC_WEAK = YES;
				CLANG_WARN_BLOCK_CAPTURE_AUTORELEASING = YES;
				CLANG_WARN_BOOL_CONVERSION = YES;
				CLANG_WARN_COMMA = YES;
				CLANG_WARN_CONSTANT_CONVERSION = YES;
				CLANG_WARN_DEPRECATED_OBJC_IMPLEMENTATIONS = YES;
				CLANG_WARN_DIRECT_OBJC_ISA_USAGE = YES_ERROR;
				CLANG_WARN_DOCUMENTATION_COMMENTS = YES;
				CLANG_WARN_EMPTY_BODY = YES;
				CLANG_WARN_ENUM_CONVERSION = YES;
				CLANG_WARN_INFINITE_RECURSION = YES;
				CLANG_WARN_INT_CONVERSION = YES;
				CLANG_WARN_NON_LITERAL_NULL_CONVERSION = YES;
				CLANG_WARN_OBJC_IMPLICIT_RETAIN_SELF = YES;
				CLANG_WARN_OBJC_LITERAL_CONVERSION = YES;
				CLANG_WARN_OBJC_ROOT_CLASS = YES_ERROR;
				CLANG_WARN_QUOTED_INCLUDE_IN_FRAMEWORK_HEADER = YES;
				CLANG_WARN_RANGE_LOOP_ANALYSIS = YES;
				CLANG_WARN_STRICT_PROTOTYPES = YES;
				CLANG_WARN_SUSPICIOUS_MOVE = YES;
				CLANG_WARN_UNGUARDED_AVAILABILITY = YES_AGGRESSIVE;
				CLANG_WARN_UNREACHABLE_CODE = YES;
				CLANG_WARN__DUPLICATE_METHOD_MATCH = YES;
				COPY_PHASE_STRIP = NO;
				DEBUG_INFORMATION_FORMAT = dwarf;
				ENABLE_STRICT_OBJC_MSGSEND = YES;
				ENABLE_TESTABILITY = YES;
				GCC_C_LANGUAGE_STANDARD = gnu11;
				GCC_DYNAMIC_NO_PIC = NO;
				GCC_NO_COMMON_BLOCKS = YES;
				GCC_OPTIMIZATION_LEVEL = 0;
				GCC_PREPROCESSOR_DEFINITIONS = (
					"DEBUG=1",
					"$(inherited)",
				);
				GCC_WARN_64_TO_32_BIT_CONVERSION = YES;
				GCC_WARN_ABOUT_RETURN_TYPE = YES_ERROR;
				GCC_WARN_UNDECLARED_SELECTOR = YES;
				GCC_WARN_UNINITIALIZED_AUTOS = YES_AGGRESSIVE;
				GCC_WARN_UNUSED_FUNCTION = YES;
				GCC_WARN_UNUSED_VARIABLE = YES;
				IPHONEOS_DEPLOYMENT_TARGET = 15.2;
				MTL_ENABLE_DEBUG_INFO = INCLUDE_SOURCE;
				MTL_FAST_MATH = YES;
				ONLY_ACTIVE_ARCH = YES;
				SDKROOT = iphoneos;
				SWIFT_ACTIVE_COMPILATION_CONDITIONS = DEBUG;
				SWIFT_OPTIMIZATION_LEVEL = "-Onone";
			};
			name = Debug;
		};
		47E0DE7527D8A178004352EC /* Release */ = {
			isa = XCBuildConfiguration;
			buildSettings = {
				ALWAYS_SEARCH_USER_PATHS = NO;
				CLANG_ANALYZER_NONNULL = YES;
				CLANG_ANALYZER_NUMBER_OBJECT_CONVERSION = YES_AGGRESSIVE;
				CLANG_CXX_LANGUAGE_STANDARD = "gnu++17";
				CLANG_CXX_LIBRARY = "libc++";
				CLANG_ENABLE_MODULES = YES;
				CLANG_ENABLE_OBJC_ARC = YES;
				CLANG_ENABLE_OBJC_WEAK = YES;
				CLANG_WARN_BLOCK_CAPTURE_AUTORELEASING = YES;
				CLANG_WARN_BOOL_CONVERSION = YES;
				CLANG_WARN_COMMA = YES;
				CLANG_WARN_CONSTANT_CONVERSION = YES;
				CLANG_WARN_DEPRECATED_OBJC_IMPLEMENTATIONS = YES;
				CLANG_WARN_DIRECT_OBJC_ISA_USAGE = YES_ERROR;
				CLANG_WARN_DOCUMENTATION_COMMENTS = YES;
				CLANG_WARN_EMPTY_BODY = YES;
				CLANG_WARN_ENUM_CONVERSION = YES;
				CLANG_WARN_INFINITE_RECURSION = YES;
				CLANG_WARN_INT_CONVERSION = YES;
				CLANG_WARN_NON_LITERAL_NULL_CONVERSION = YES;
				CLANG_WARN_OBJC_IMPLICIT_RETAIN_SELF = YES;
				CLANG_WARN_OBJC_LITERAL_CONVERSION = YES;
				CLANG_WARN_OBJC_ROOT_CLASS = YES_ERROR;
				CLANG_WARN_QUOTED_INCLUDE_IN_FRAMEWORK_HEADER = YES;
				CLANG_WARN_RANGE_LOOP_ANALYSIS = YES;
				CLANG_WARN_STRICT_PROTOTYPES = YES;
				CLANG_WARN_SUSPICIOUS_MOVE = YES;
				CLANG_WARN_UNGUARDED_AVAILABILITY = YES_AGGRESSIVE;
				CLANG_WARN_UNREACHABLE_CODE = YES;
				CLANG_WARN__DUPLICATE_METHOD_MATCH = YES;
				COPY_PHASE_STRIP = NO;
				DEBUG_INFORMATION_FORMAT = "dwarf-with-dsym";
				ENABLE_NS_ASSERTIONS = NO;
				ENABLE_STRICT_OBJC_MSGSEND = YES;
				GCC_C_LANGUAGE_STANDARD = gnu11;
				GCC_NO_COMMON_BLOCKS = YES;
				GCC_WARN_64_TO_32_BIT_CONVERSION = YES;
				GCC_WARN_ABOUT_RETURN_TYPE = YES_ERROR;
				GCC_WARN_UNDECLARED_SELECTOR = YES;
				GCC_WARN_UNINITIALIZED_AUTOS = YES_AGGRESSIVE;
				GCC_WARN_UNUSED_FUNCTION = YES;
				GCC_WARN_UNUSED_VARIABLE = YES;
				IPHONEOS_DEPLOYMENT_TARGET = 15.2;
				MTL_ENABLE_DEBUG_INFO = NO;
				MTL_FAST_MATH = YES;
				SDKROOT = iphoneos;
				SWIFT_COMPILATION_MODE = wholemodule;
				SWIFT_OPTIMIZATION_LEVEL = "-O";
				VALIDATE_PRODUCT = YES;
			};
			name = Release;
		};
		47E0DE7727D8A178004352EC /* Debug */ = {
			isa = XCBuildConfiguration;
			baseConfigurationReference = 97A5247DC2F37DA84CCEEF83 /* Pods-eatmate.debug.xcconfig */;
			buildSettings = {
				ASSETCATALOG_COMPILER_APPICON_NAME = AppIcon;
				ASSETCATALOG_COMPILER_GLOBAL_ACCENT_COLOR_NAME = AccentColor;
				CODE_SIGN_STYLE = Automatic;
				CURRENT_PROJECT_VERSION = 1;
				DEVELOPMENT_ASSET_PATHS = "\"eatmate/Preview Content\"";
				ENABLE_PREVIEWS = YES;
				GENERATE_INFOPLIST_FILE = YES;
				INFOPLIST_KEY_UIApplicationSceneManifest_Generation = YES;
				INFOPLIST_KEY_UIApplicationSupportsIndirectInputEvents = YES;
				INFOPLIST_KEY_UILaunchScreen_Generation = YES;
				INFOPLIST_KEY_UISupportedInterfaceOrientations_iPad = "UIInterfaceOrientationPortrait UIInterfaceOrientationPortraitUpsideDown UIInterfaceOrientationLandscapeLeft UIInterfaceOrientationLandscapeRight";
				INFOPLIST_KEY_UISupportedInterfaceOrientations_iPhone = "UIInterfaceOrientationPortrait UIInterfaceOrientationLandscapeLeft UIInterfaceOrientationLandscapeRight";
				LD_RUNPATH_SEARCH_PATHS = (
					"$(inherited)",
					"@executable_path/Frameworks",
				);
				MARKETING_VERSION = 1.0;
				PRODUCT_BUNDLE_IDENTIFIER = com.gpdev.eatmate;
				PRODUCT_NAME = "$(TARGET_NAME)";
				SWIFT_EMIT_LOC_STRINGS = YES;
				SWIFT_VERSION = 5.0;
				TARGETED_DEVICE_FAMILY = "1,2";
			};
			name = Debug;
		};
		47E0DE7827D8A178004352EC /* Release */ = {
			isa = XCBuildConfiguration;
			baseConfigurationReference = 2ED10E80AADFB3C84FA1DD66 /* Pods-eatmate.release.xcconfig */;
			buildSettings = {
				ASSETCATALOG_COMPILER_APPICON_NAME = AppIcon;
				ASSETCATALOG_COMPILER_GLOBAL_ACCENT_COLOR_NAME = AccentColor;
				CODE_SIGN_STYLE = Automatic;
				CURRENT_PROJECT_VERSION = 1;
				DEVELOPMENT_ASSET_PATHS = "\"eatmate/Preview Content\"";
				ENABLE_PREVIEWS = YES;
				GENERATE_INFOPLIST_FILE = YES;
				INFOPLIST_KEY_UIApplicationSceneManifest_Generation = YES;
				INFOPLIST_KEY_UIApplicationSupportsIndirectInputEvents = YES;
				INFOPLIST_KEY_UILaunchScreen_Generation = YES;
				INFOPLIST_KEY_UISupportedInterfaceOrientations_iPad = "UIInterfaceOrientationPortrait UIInterfaceOrientationPortraitUpsideDown UIInterfaceOrientationLandscapeLeft UIInterfaceOrientationLandscapeRight";
				INFOPLIST_KEY_UISupportedInterfaceOrientations_iPhone = "UIInterfaceOrientationPortrait UIInterfaceOrientationLandscapeLeft UIInterfaceOrientationLandscapeRight";
				LD_RUNPATH_SEARCH_PATHS = (
					"$(inherited)",
					"@executable_path/Frameworks",
				);
				MARKETING_VERSION = 1.0;
				PRODUCT_BUNDLE_IDENTIFIER = com.gpdev.eatmate;
				PRODUCT_NAME = "$(TARGET_NAME)";
				SWIFT_EMIT_LOC_STRINGS = YES;
				SWIFT_VERSION = 5.0;
				TARGETED_DEVICE_FAMILY = "1,2";
			};
			name = Release;
		};
/* End XCBuildConfiguration section */

/* Begin XCConfigurationList section */
		47E0DE6327D8A176004352EC /* Build configuration list for PBXProject "eatmate" */ = {
			isa = XCConfigurationList;
			buildConfigurations = (
				47E0DE7427D8A178004352EC /* Debug */,
				47E0DE7527D8A178004352EC /* Release */,
			);
			defaultConfigurationIsVisible = 0;
			defaultConfigurationName = Release;
		};
		47E0DE7627D8A178004352EC /* Build configuration list for PBXNativeTarget "eatmate" */ = {
			isa = XCConfigurationList;
			buildConfigurations = (
				47E0DE7727D8A178004352EC /* Debug */,
				47E0DE7827D8A178004352EC /* Release */,
			);
			defaultConfigurationIsVisible = 0;
			defaultConfigurationName = Release;
		};
/* End XCConfigurationList section */
	};
	rootObject = 47E0DE6027D8A176004352EC /* Project object */;
}
